{
  "requires": true,
  "lockfileVersion": 1,
  "dependencies": {
    "discord-together": {
      "version": "1.1.14",
      "resolved": "https://registry.npmjs.org/discord-together/-/discord-together-1.1.14.tgz",
      "integrity": "sha512-zBCsQW9dn6pUmpqsrO9/wdrgMH87z/t/KccbOKu3wg9/phkru+tQwotKo08QuBFriJ5TN4LkFBa3HCc7ZhUVcQ==",
      "requires": {
        "node-fetch": "^2.6.1"
      }
    },
    "node-fetch": {
      "version": "2.6.1",
      "resolved": "https://registry.npmjs.org/node-fetch/-/node-fetch-2.6.1.tgz",
      "integrity": "sha512-V4aYg89jEoVRxRb2fJdAg8FHvI7cEyYdVAh94HH0UIK8oJxUfkjlDQN9RbMx+bEjP7+ggMiFRprSti032Oipxw=="
    }
  }
}
